// !$*UTF8*$!
{
	archiveVersion = 1;
	classes = {
	};
	objectVersion = 56;
	objects = {

/* Begin PBXBuildFile section */
		6FF7E0632AA0A84300A34599 /* WeatherEOApp.swift in Sources */ = {isa = PBXBuildFile; fileRef = 6FF7E0622AA0A84300A34599 /* WeatherEOApp.swift */; };
		6FF7E0652AA0A84300A34599 /* WeatherEOTab.swift in Sources */ = {isa = PBXBuildFile; fileRef = 6FF7E0642AA0A84300A34599 /* WeatherEOTab.swift */; };
		6FF7E0672AA0A84500A34599 /* Assets.xcassets in Resources */ = {isa = PBXBuildFile; fileRef = 6FF7E0662AA0A84500A34599 /* Assets.xcassets */; };
		6FF7E06A2AA0A84500A34599 /* Preview Assets.xcassets in Resources */ = {isa = PBXBuildFile; fileRef = 6FF7E0692AA0A84500A34599 /* Preview Assets.xcassets */; };
		6FF7E0742AA0B41100A34599 /* WeatherEOTabModel.swift in Sources */ = {isa = PBXBuildFile; fileRef = 6FF7E0732AA0B41100A34599 /* WeatherEOTabModel.swift */; };
		6FF7E0762AA0B71C00A34599 /* WeatherEOTabViewModel.swift in Sources */ = {isa = PBXBuildFile; fileRef = 6FF7E0752AA0B71C00A34599 /* WeatherEOTabViewModel.swift */; };
		6FF7E0782AA0BE5000A34599 /* WeatherBar.swift in Sources */ = {isa = PBXBuildFile; fileRef = 6FF7E0772AA0BE5000A34599 /* WeatherBar.swift */; };
		6FF7E07C2AA0C7F600A34599 /* ScreenSize.swift in Sources */ = {isa = PBXBuildFile; fileRef = 6FF7E07B2AA0C7F600A34599 /* ScreenSize.swift */; };
		6FF7E0812AA0D51600A34599 /* SettingsView.swift in Sources */ = {isa = PBXBuildFile; fileRef = 6FF7E0802AA0D51500A34599 /* SettingsView.swift */; };
		6FF7E0842AA0D56000A34599 /* SettingsViewModel.swift in Sources */ = {isa = PBXBuildFile; fileRef = 6FF7E0832AA0D56000A34599 /* SettingsViewModel.swift */; };
		6FF7E0862AA0D59E00A34599 /* SettingsTabModel.swift in Sources */ = {isa = PBXBuildFile; fileRef = 6FF7E0852AA0D59E00A34599 /* SettingsTabModel.swift */; };
		6FF7E0882AA0D86C00A34599 /* ShareView.swift in Sources */ = {isa = PBXBuildFile; fileRef = 6FF7E0872AA0D86C00A34599 /* ShareView.swift */; };
		6FF7E08A2AA0E0FE00A34599 /* PreView.swift in Sources */ = {isa = PBXBuildFile; fileRef = 6FF7E0892AA0E0FE00A34599 /* PreView.swift */; };
		6FF7E08D2AA0FAF300A34599 /* MapView.swift in Sources */ = {isa = PBXBuildFile; fileRef = 6FF7E08C2AA0FAF300A34599 /* MapView.swift */; };
		6FF7E08F2AA0FB1300A34599 /* MapViewModel.swift in Sources */ = {isa = PBXBuildFile; fileRef = 6FF7E08E2AA0FB1300A34599 /* MapViewModel.swift */; };
		6FF7E0922AA1BDD500A34599 /* ListWeatherView.swift in Sources */ = {isa = PBXBuildFile; fileRef = 6FF7E0912AA1BDD500A34599 /* ListWeatherView.swift */; };
		6FF7E0942AA1BDE100A34599 /* ListWeatherViewModel.swift in Sources */ = {isa = PBXBuildFile; fileRef = 6FF7E0932AA1BDE000A34599 /* ListWeatherViewModel.swift */; };
		6FF7E0972AA1D17600A34599 /* Realm in Frameworks */ = {isa = PBXBuildFile; productRef = 6FF7E0962AA1D17600A34599 /* Realm */; };
		6FF7E0992AA1D17600A34599 /* RealmSwift in Frameworks */ = {isa = PBXBuildFile; productRef = 6FF7E0982AA1D17600A34599 /* RealmSwift */; };
		6FF7E0A12AA1D36700A34599 /* DependencyWrappers.swift in Sources */ = {isa = PBXBuildFile; fileRef = 6FF7E09C2AA1D36700A34599 /* DependencyWrappers.swift */; };
		6FF7E0A22AA1D36700A34599 /* DIUtility.swift in Sources */ = {isa = PBXBuildFile; fileRef = 6FF7E09D2AA1D36700A34599 /* DIUtility.swift */; };
		6FF7E0A32AA1D36700A34599 /* ServiceRegistration.swift in Sources */ = {isa = PBXBuildFile; fileRef = 6FF7E09E2AA1D36700A34599 /* ServiceRegistration.swift */; };
		6FF7E0A42AA1D36700A34599 /* DependencyContainer.swift in Sources */ = {isa = PBXBuildFile; fileRef = 6FF7E09F2AA1D36700A34599 /* DependencyContainer.swift */; };
		6FF7E0A52AA1D36700A34599 /* ServiceProviderRegistrar.swift in Sources */ = {isa = PBXBuildFile; fileRef = 6FF7E0A02AA1D36700A34599 /* ServiceProviderRegistrar.swift */; };
		6FF7E0A82AA1D40E00A34599 /* RealmService.swift in Sources */ = {isa = PBXBuildFile; fileRef = 6FF7E0A72AA1D40E00A34599 /* RealmService.swift */; };
		6FF7E0AB2AA1D6EA00A34599 /* RealmCityModel.swift in Sources */ = {isa = PBXBuildFile; fileRef = 6FF7E0AA2AA1D6EA00A34599 /* RealmCityModel.swift */; };
		6FF7E0AD2AA1D7DF00A34599 /* RealmServiceProvider.swift in Sources */ = {isa = PBXBuildFile; fileRef = 6FF7E0AC2AA1D7DF00A34599 /* RealmServiceProvider.swift */; };
		6FF7E0B02AA20D6800A34599 /* WeatherServiceProvider.swift in Sources */ = {isa = PBXBuildFile; fileRef = 6FF7E0AF2AA20D6800A34599 /* WeatherServiceProvider.swift */; };
		6FF7E0B22AA232A600A34599 /* WeatherModel.swift in Sources */ = {isa = PBXBuildFile; fileRef = 6FF7E0B12AA232A600A34599 /* WeatherModel.swift */; };
		6FF7E0B52AA3770900A34599 /* MapServiceProvider.swift in Sources */ = {isa = PBXBuildFile; fileRef = 6FF7E0B42AA3770900A34599 /* MapServiceProvider.swift */; };
		6FF7E0B72AA38B5300A34599 /* TemperatureScaleModel.swift in Sources */ = {isa = PBXBuildFile; fileRef = 6FF7E0B62AA38B5300A34599 /* TemperatureScaleModel.swift */; };
		6FF7E0B92AA3BD7000A34599 /* CustomAnnotationModel.swift in Sources */ = {isa = PBXBuildFile; fileRef = 6FF7E0B82AA3BD7000A34599 /* CustomAnnotationModel.swift */; };
		6FF7E0BC2AA4943D00A34599 /* CitySearchModel.swift in Sources */ = {isa = PBXBuildFile; fileRef = 6FF7E0BB2AA4943D00A34599 /* CitySearchModel.swift */; };
		6FF7E0BE2AA4946700A34599 /* CitySearchProvider.swift in Sources */ = {isa = PBXBuildFile; fileRef = 6FF7E0BD2AA4946700A34599 /* CitySearchProvider.swift */; };
		6FF7E0C12AA4EE3500A34599 /* WeatherTabView.swift in Sources */ = {isa = PBXBuildFile; fileRef = 6FF7E0C02AA4EE3500A34599 /* WeatherTabView.swift */; };
		6FF7E0C32AA4EE4400A34599 /* WeatherTabViewModel.swift in Sources */ = {isa = PBXBuildFile; fileRef = 6FF7E0C22AA4EE4400A34599 /* WeatherTabViewModel.swift */; };
		6FF7E0C52AA509FE00A34599 /* MapSearchBar.swift in Sources */ = {isa = PBXBuildFile; fileRef = 6FF7E0C42AA509FE00A34599 /* MapSearchBar.swift */; };
		6FF7E0CA2AA50C9400A34599 /* Extensions.swift in Sources */ = {isa = PBXBuildFile; fileRef = 6FF7E0C92AA50C9400A34599 /* Extensions.swift */; };
		6FF7E0CC2AA50D1A00A34599 /* ListSearchBar.swift in Sources */ = {isa = PBXBuildFile; fileRef = 6FF7E0CB2AA50D1A00A34599 /* ListSearchBar.swift */; };
		6FF7E0CE2AA5EAB500A34599 /* DeleteListComponent.swift in Sources */ = {isa = PBXBuildFile; fileRef = 6FF7E0CD2AA5EAB500A34599 /* DeleteListComponent.swift */; };
		6FF7E0D02AA5EB3600A34599 /* ListCityCell.swift in Sources */ = {isa = PBXBuildFile; fileRef = 6FF7E0CF2AA5EB3600A34599 /* ListCityCell.swift */; };
/* End PBXBuildFile section */

/* Begin PBXFileReference section */
		6FF7E05F2AA0A84300A34599 /* Sweety Weather.app */ = {isa = PBXFileReference; explicitFileType = wrapper.application; includeInIndex = 0; path = "Sweety Weather.app"; sourceTree = BUILT_PRODUCTS_DIR; };
		6FF7E0622AA0A84300A34599 /* WeatherEOApp.swift */ = {isa = PBXFileReference; lastKnownFileType = sourcecode.swift; path = WeatherEOApp.swift; sourceTree = "<group>"; };
		6FF7E0642AA0A84300A34599 /* WeatherEOTab.swift */ = {isa = PBXFileReference; lastKnownFileType = sourcecode.swift; path = WeatherEOTab.swift; sourceTree = "<group>"; };
		6FF7E0662AA0A84500A34599 /* Assets.xcassets */ = {isa = PBXFileReference; lastKnownFileType = folder.assetcatalog; path = Assets.xcassets; sourceTree = "<group>"; };
		6FF7E0692AA0A84500A34599 /* Preview Assets.xcassets */ = {isa = PBXFileReference; lastKnownFileType = folder.assetcatalog; path = "Preview Assets.xcassets"; sourceTree = "<group>"; };
		6FF7E0732AA0B41100A34599 /* WeatherEOTabModel.swift */ = {isa = PBXFileReference; lastKnownFileType = sourcecode.swift; path = WeatherEOTabModel.swift; sourceTree = "<group>"; };
		6FF7E0752AA0B71C00A34599 /* WeatherEOTabViewModel.swift */ = {isa = PBXFileReference; lastKnownFileType = sourcecode.swift; path = WeatherEOTabViewModel.swift; sourceTree = "<group>"; };
		6FF7E0772AA0BE5000A34599 /* WeatherBar.swift */ = {isa = PBXFileReference; lastKnownFileType = sourcecode.swift; path = WeatherBar.swift; sourceTree = "<group>"; };
		6FF7E07B2AA0C7F600A34599 /* ScreenSize.swift */ = {isa = PBXFileReference; lastKnownFileType = sourcecode.swift; path = ScreenSize.swift; sourceTree = "<group>"; };
		6FF7E0802AA0D51500A34599 /* SettingsView.swift */ = {isa = PBXFileReference; lastKnownFileType = sourcecode.swift; path = SettingsView.swift; sourceTree = "<group>"; };
		6FF7E0832AA0D56000A34599 /* SettingsViewModel.swift */ = {isa = PBXFileReference; lastKnownFileType = sourcecode.swift; path = SettingsViewModel.swift; sourceTree = "<group>"; };
		6FF7E0852AA0D59E00A34599 /* SettingsTabModel.swift */ = {isa = PBXFileReference; lastKnownFileType = sourcecode.swift; path = SettingsTabModel.swift; sourceTree = "<group>"; };
		6FF7E0872AA0D86C00A34599 /* ShareView.swift */ = {isa = PBXFileReference; lastKnownFileType = sourcecode.swift; path = ShareView.swift; sourceTree = "<group>"; };
		6FF7E0892AA0E0FE00A34599 /* PreView.swift */ = {isa = PBXFileReference; lastKnownFileType = sourcecode.swift; path = PreView.swift; sourceTree = "<group>"; };
		6FF7E08C2AA0FAF300A34599 /* MapView.swift */ = {isa = PBXFileReference; lastKnownFileType = sourcecode.swift; path = MapView.swift; sourceTree = "<group>"; };
		6FF7E08E2AA0FB1300A34599 /* MapViewModel.swift */ = {isa = PBXFileReference; lastKnownFileType = sourcecode.swift; path = MapViewModel.swift; sourceTree = "<group>"; };
		6FF7E0912AA1BDD500A34599 /* ListWeatherView.swift */ = {isa = PBXFileReference; lastKnownFileType = sourcecode.swift; path = ListWeatherView.swift; sourceTree = "<group>"; };
		6FF7E0932AA1BDE000A34599 /* ListWeatherViewModel.swift */ = {isa = PBXFileReference; lastKnownFileType = sourcecode.swift; path = ListWeatherViewModel.swift; sourceTree = "<group>"; };
		6FF7E09C2AA1D36700A34599 /* DependencyWrappers.swift */ = {isa = PBXFileReference; fileEncoding = 4; lastKnownFileType = sourcecode.swift; path = DependencyWrappers.swift; sourceTree = "<group>"; };
		6FF7E09D2AA1D36700A34599 /* DIUtility.swift */ = {isa = PBXFileReference; fileEncoding = 4; lastKnownFileType = sourcecode.swift; path = DIUtility.swift; sourceTree = "<group>"; };
		6FF7E09E2AA1D36700A34599 /* ServiceRegistration.swift */ = {isa = PBXFileReference; fileEncoding = 4; lastKnownFileType = sourcecode.swift; path = ServiceRegistration.swift; sourceTree = "<group>"; };
		6FF7E09F2AA1D36700A34599 /* DependencyContainer.swift */ = {isa = PBXFileReference; fileEncoding = 4; lastKnownFileType = sourcecode.swift; path = DependencyContainer.swift; sourceTree = "<group>"; };
		6FF7E0A02AA1D36700A34599 /* ServiceProviderRegistrar.swift */ = {isa = PBXFileReference; fileEncoding = 4; lastKnownFileType = sourcecode.swift; path = ServiceProviderRegistrar.swift; sourceTree = "<group>"; };
		6FF7E0A72AA1D40E00A34599 /* RealmService.swift */ = {isa = PBXFileReference; fileEncoding = 4; lastKnownFileType = sourcecode.swift; path = RealmService.swift; sourceTree = "<group>"; };
		6FF7E0AA2AA1D6EA00A34599 /* RealmCityModel.swift */ = {isa = PBXFileReference; lastKnownFileType = sourcecode.swift; path = RealmCityModel.swift; sourceTree = "<group>"; };
		6FF7E0AC2AA1D7DF00A34599 /* RealmServiceProvider.swift */ = {isa = PBXFileReference; lastKnownFileType = sourcecode.swift; path = RealmServiceProvider.swift; sourceTree = "<group>"; };
		6FF7E0AF2AA20D6800A34599 /* WeatherServiceProvider.swift */ = {isa = PBXFileReference; lastKnownFileType = sourcecode.swift; path = WeatherServiceProvider.swift; sourceTree = "<group>"; };
		6FF7E0B12AA232A600A34599 /* WeatherModel.swift */ = {isa = PBXFileReference; lastKnownFileType = sourcecode.swift; path = WeatherModel.swift; sourceTree = "<group>"; };
		6FF7E0B42AA3770900A34599 /* MapServiceProvider.swift */ = {isa = PBXFileReference; lastKnownFileType = sourcecode.swift; path = MapServiceProvider.swift; sourceTree = "<group>"; };
		6FF7E0B62AA38B5300A34599 /* TemperatureScaleModel.swift */ = {isa = PBXFileReference; lastKnownFileType = sourcecode.swift; path = TemperatureScaleModel.swift; sourceTree = "<group>"; };
		6FF7E0B82AA3BD7000A34599 /* CustomAnnotationModel.swift */ = {isa = PBXFileReference; lastKnownFileType = sourcecode.swift; path = CustomAnnotationModel.swift; sourceTree = "<group>"; };
		6FF7E0BB2AA4943D00A34599 /* CitySearchModel.swift */ = {isa = PBXFileReference; lastKnownFileType = sourcecode.swift; path = CitySearchModel.swift; sourceTree = "<group>"; };
		6FF7E0BD2AA4946700A34599 /* CitySearchProvider.swift */ = {isa = PBXFileReference; lastKnownFileType = sourcecode.swift; path = CitySearchProvider.swift; sourceTree = "<group>"; };
		6FF7E0C02AA4EE3500A34599 /* WeatherTabView.swift */ = {isa = PBXFileReference; lastKnownFileType = sourcecode.swift; path = WeatherTabView.swift; sourceTree = "<group>"; };
		6FF7E0C22AA4EE4400A34599 /* WeatherTabViewModel.swift */ = {isa = PBXFileReference; lastKnownFileType = sourcecode.swift; path = WeatherTabViewModel.swift; sourceTree = "<group>"; };
		6FF7E0C42AA509FE00A34599 /* MapSearchBar.swift */ = {isa = PBXFileReference; lastKnownFileType = sourcecode.swift; path = MapSearchBar.swift; sourceTree = "<group>"; };
		6FF7E0C92AA50C9400A34599 /* Extensions.swift */ = {isa = PBXFileReference; lastKnownFileType = sourcecode.swift; path = Extensions.swift; sourceTree = "<group>"; };
		6FF7E0CB2AA50D1A00A34599 /* ListSearchBar.swift */ = {isa = PBXFileReference; lastKnownFileType = sourcecode.swift; path = ListSearchBar.swift; sourceTree = "<group>"; };
		6FF7E0CD2AA5EAB500A34599 /* DeleteListComponent.swift */ = {isa = PBXFileReference; lastKnownFileType = sourcecode.swift; path = DeleteListComponent.swift; sourceTree = "<group>"; };
		6FF7E0CF2AA5EB3600A34599 /* ListCityCell.swift */ = {isa = PBXFileReference; lastKnownFileType = sourcecode.swift; path = ListCityCell.swift; sourceTree = "<group>"; };
/* End PBXFileReference section */

/* Begin PBXFrameworksBuildPhase section */
		6FF7E05C2AA0A84300A34599 /* Frameworks */ = {
			isa = PBXFrameworksBuildPhase;
			buildActionMask = 2147483647;
			files = (
				6FF7E0992AA1D17600A34599 /* RealmSwift in Frameworks */,
				6FF7E0972AA1D17600A34599 /* Realm in Frameworks */,
			);
			runOnlyForDeploymentPostprocessing = 0;
		};
/* End PBXFrameworksBuildPhase section */

/* Begin PBXGroup section */
		6FF7E0562AA0A84300A34599 = {
			isa = PBXGroup;
			children = (
				6FF7E0612AA0A84300A34599 /* WeatherEO */,
				6FF7E0602AA0A84300A34599 /* Products */,
			);
			sourceTree = "<group>";
		};
		6FF7E0602AA0A84300A34599 /* Products */ = {
			isa = PBXGroup;
			children = (
				6FF7E05F2AA0A84300A34599 /* Sweety Weather.app */,
			);
			name = Products;
			sourceTree = "<group>";
		};
		6FF7E0612AA0A84300A34599 /* WeatherEO */ = {
			isa = PBXGroup;
			children = (
				6FF7E0C82AA50C8400A34599 /* Extensions */,
				6FF7E0702AA0B3BA00A34599 /* MainApp */,
				6FF7E07A2AA0C7D900A34599 /* Helper */,
				6FF7E0722AA0B3EA00A34599 /* Models */,
				6FF7E09A2AA1D1EF00A34599 /* Services */,
				6FF7E0662AA0A84500A34599 /* Assets.xcassets */,
				6FF7E0682AA0A84500A34599 /* Preview Content */,
			);
			path = WeatherEO;
			sourceTree = "<group>";
		};
		6FF7E0682AA0A84500A34599 /* Preview Content */ = {
			isa = PBXGroup;
			children = (
				6FF7E0692AA0A84500A34599 /* Preview Assets.xcassets */,
			);
			path = "Preview Content";
			sourceTree = "<group>";
		};
		6FF7E0702AA0B3BA00A34599 /* MainApp */ = {
			isa = PBXGroup;
			children = (
				6FF7E0622AA0A84300A34599 /* WeatherEOApp.swift */,
				6FF7E0892AA0E0FE00A34599 /* PreView.swift */,
				6FF7E0712AA0B3D300A34599 /* WeatherEOTab */,
				6FF7E0822AA0D52500A34599 /* Settings */,
			);
			path = MainApp;
			sourceTree = "<group>";
		};
		6FF7E0712AA0B3D300A34599 /* WeatherEOTab */ = {
			isa = PBXGroup;
			children = (
				6FF7E0642AA0A84300A34599 /* WeatherEOTab.swift */,
				6FF7E0752AA0B71C00A34599 /* WeatherEOTabViewModel.swift */,
				6FF7E0772AA0BE5000A34599 /* WeatherBar.swift */,
				6FF7E0792AA0C5DF00A34599 /* TebComponents */,
			);
			path = WeatherEOTab;
			sourceTree = "<group>";
		};
		6FF7E0722AA0B3EA00A34599 /* Models */ = {
			isa = PBXGroup;
			children = (
				6FF7E0732AA0B41100A34599 /* WeatherEOTabModel.swift */,
				6FF7E0BB2AA4943D00A34599 /* CitySearchModel.swift */,
				6FF7E0B62AA38B5300A34599 /* TemperatureScaleModel.swift */,
				6FF7E0852AA0D59E00A34599 /* SettingsTabModel.swift */,
				6FF7E0B12AA232A600A34599 /* WeatherModel.swift */,
				6FF7E0B82AA3BD7000A34599 /* CustomAnnotationModel.swift */,
			);
			path = Models;
			sourceTree = "<group>";
		};
		6FF7E0792AA0C5DF00A34599 /* TebComponents */ = {
			isa = PBXGroup;
			children = (
				6FF7E0BF2AA4EE1400A34599 /* WeatherTab */,
				6FF7E08B2AA0FAC700A34599 /* Map */,
				6FF7E0902AA1BD2800A34599 /* ListWeather */,
			);
			path = TebComponents;
			sourceTree = "<group>";
		};
		6FF7E07A2AA0C7D900A34599 /* Helper */ = {
			isa = PBXGroup;
			children = (
				6FF7E07B2AA0C7F600A34599 /* ScreenSize.swift */,
				6FF7E0872AA0D86C00A34599 /* ShareView.swift */,
			);
			path = Helper;
			sourceTree = "<group>";
		};
		6FF7E0822AA0D52500A34599 /* Settings */ = {
			isa = PBXGroup;
			children = (
				6FF7E0802AA0D51500A34599 /* SettingsView.swift */,
				6FF7E0832AA0D56000A34599 /* SettingsViewModel.swift */,
			);
			path = Settings;
			sourceTree = "<group>";
		};
		6FF7E08B2AA0FAC700A34599 /* Map */ = {
			isa = PBXGroup;
			children = (
				6FF7E08C2AA0FAF300A34599 /* MapView.swift */,
				6FF7E08E2AA0FB1300A34599 /* MapViewModel.swift */,
				6FF7E0C62AA50A0400A34599 /* ViewComponents */,
			);
			path = Map;
			sourceTree = "<group>";
		};
		6FF7E0902AA1BD2800A34599 /* ListWeather */ = {
			isa = PBXGroup;
			children = (
				6FF7E0912AA1BDD500A34599 /* ListWeatherView.swift */,
				6FF7E0932AA1BDE000A34599 /* ListWeatherViewModel.swift */,
				6FF7E0C72AA50A6F00A34599 /* ViewComponents */,
			);
			path = ListWeather;
			sourceTree = "<group>";
		};
		6FF7E09A2AA1D1EF00A34599 /* Services */ = {
			isa = PBXGroup;
			children = (
				6FF7E0BA2AA4942900A34599 /* CitySearch */,
				6FF7E0B32AA372E000A34599 /* MapService */,
				6FF7E0AE2AA20D0600A34599 /* WeatherService */,
				6FF7E0A62AA1D3FA00A34599 /* RealmService */,
				6FF7E09B2AA1D22600A34599 /* Hopoate */,
			);
			path = Services;
			sourceTree = "<group>";
		};
		6FF7E09B2AA1D22600A34599 /* Hopoate */ = {
			isa = PBXGroup;
			children = (
				6FF7E09F2AA1D36700A34599 /* DependencyContainer.swift */,
				6FF7E09C2AA1D36700A34599 /* DependencyWrappers.swift */,
				6FF7E09D2AA1D36700A34599 /* DIUtility.swift */,
				6FF7E0A02AA1D36700A34599 /* ServiceProviderRegistrar.swift */,
				6FF7E09E2AA1D36700A34599 /* ServiceRegistration.swift */,
			);
			path = Hopoate;
			sourceTree = "<group>";
		};
		6FF7E0A62AA1D3FA00A34599 /* RealmService */ = {
			isa = PBXGroup;
			children = (
				6FF7E0A72AA1D40E00A34599 /* RealmService.swift */,
				6FF7E0AC2AA1D7DF00A34599 /* RealmServiceProvider.swift */,
				6FF7E0A92AA1D59600A34599 /* DBModels */,
			);
			path = RealmService;
			sourceTree = "<group>";
		};
		6FF7E0A92AA1D59600A34599 /* DBModels */ = {
			isa = PBXGroup;
			children = (
				6FF7E0AA2AA1D6EA00A34599 /* RealmCityModel.swift */,
			);
			path = DBModels;
			sourceTree = "<group>";
		};
		6FF7E0AE2AA20D0600A34599 /* WeatherService */ = {
			isa = PBXGroup;
			children = (
				6FF7E0AF2AA20D6800A34599 /* WeatherServiceProvider.swift */,
			);
			path = WeatherService;
			sourceTree = "<group>";
		};
		6FF7E0B32AA372E000A34599 /* MapService */ = {
			isa = PBXGroup;
			children = (
				6FF7E0B42AA3770900A34599 /* MapServiceProvider.swift */,
			);
			path = MapService;
			sourceTree = "<group>";
		};
		6FF7E0BA2AA4942900A34599 /* CitySearch */ = {
			isa = PBXGroup;
			children = (
				6FF7E0BD2AA4946700A34599 /* CitySearchProvider.swift */,
			);
			path = CitySearch;
			sourceTree = "<group>";
		};
		6FF7E0BF2AA4EE1400A34599 /* WeatherTab */ = {
			isa = PBXGroup;
			children = (
				6FF7E0C02AA4EE3500A34599 /* WeatherTabView.swift */,
				6FF7E0C22AA4EE4400A34599 /* WeatherTabViewModel.swift */,
			);
			path = WeatherTab;
			sourceTree = "<group>";
		};
		6FF7E0C62AA50A0400A34599 /* ViewComponents */ = {
			isa = PBXGroup;
			children = (
				6FF7E0C42AA509FE00A34599 /* MapSearchBar.swift */,
			);
			path = ViewComponents;
			sourceTree = "<group>";
		};
		6FF7E0C72AA50A6F00A34599 /* ViewComponents */ = {
			isa = PBXGroup;
			children = (
				6FF7E0CB2AA50D1A00A34599 /* ListSearchBar.swift */,
				6FF7E0CD2AA5EAB500A34599 /* DeleteListComponent.swift */,
				6FF7E0CF2AA5EB3600A34599 /* ListCityCell.swift */,
			);
			path = ViewComponents;
			sourceTree = "<group>";
		};
		6FF7E0C82AA50C8400A34599 /* Extensions */ = {
			isa = PBXGroup;
			children = (
				6FF7E0C92AA50C9400A34599 /* Extensions.swift */,
			);
			path = Extensions;
			sourceTree = "<group>";
		};
/* End PBXGroup section */

/* Begin PBXNativeTarget section */
		6FF7E05E2AA0A84300A34599 /* Sweety Weather */ = {
			isa = PBXNativeTarget;
			buildConfigurationList = 6FF7E06D2AA0A84500A34599 /* Build configuration list for PBXNativeTarget "Sweety Weather" */;
			buildPhases = (
				6FF7E05B2AA0A84300A34599 /* Sources */,
				6FF7E05C2AA0A84300A34599 /* Frameworks */,
				6FF7E05D2AA0A84300A34599 /* Resources */,
			);
			buildRules = (
			);
			dependencies = (
			);
			name = "Sweety Weather";
			packageProductDependencies = (
				6FF7E0962AA1D17600A34599 /* Realm */,
				6FF7E0982AA1D17600A34599 /* RealmSwift */,
			);
			productName = WeatherEO;
			productReference = 6FF7E05F2AA0A84300A34599 /* Sweety Weather.app */;
			productType = "com.apple.product-type.application";
		};
/* End PBXNativeTarget section */

/* Begin PBXProject section */
		6FF7E0572AA0A84300A34599 /* Project object */ = {
			isa = PBXProject;
			attributes = {
				BuildIndependentTargetsInParallel = 1;
				LastSwiftUpdateCheck = 1430;
				LastUpgradeCheck = 1430;
				TargetAttributes = {
					6FF7E05E2AA0A84300A34599 = {
						CreatedOnToolsVersion = 14.3;
					};
				};
			};
			buildConfigurationList = 6FF7E05A2AA0A84300A34599 /* Build configuration list for PBXProject "WeatherEO" */;
			compatibilityVersion = "Xcode 14.0";
			developmentRegion = en;
			hasScannedForEncodings = 0;
			knownRegions = (
				en,
				Base,
			);
			mainGroup = 6FF7E0562AA0A84300A34599;
			packageReferences = (
				6FF7E0952AA1D17600A34599 /* XCRemoteSwiftPackageReference "realm-cocoa" */,
			);
			productRefGroup = 6FF7E0602AA0A84300A34599 /* Products */;
			projectDirPath = "";
			projectRoot = "";
			targets = (
				6FF7E05E2AA0A84300A34599 /* Sweety Weather */,
			);
		};
/* End PBXProject section */

/* Begin PBXResourcesBuildPhase section */
		6FF7E05D2AA0A84300A34599 /* Resources */ = {
			isa = PBXResourcesBuildPhase;
			buildActionMask = 2147483647;
			files = (
				6FF7E06A2AA0A84500A34599 /* Preview Assets.xcassets in Resources */,
				6FF7E0672AA0A84500A34599 /* Assets.xcassets in Resources */,
			);
			runOnlyForDeploymentPostprocessing = 0;
		};
/* End PBXResourcesBuildPhase section */

/* Begin PBXSourcesBuildPhase section */
		6FF7E05B2AA0A84300A34599 /* Sources */ = {
			isa = PBXSourcesBuildPhase;
			buildActionMask = 2147483647;
			files = (
				6FF7E0AB2AA1D6EA00A34599 /* RealmCityModel.swift in Sources */,
				6FF7E0AD2AA1D7DF00A34599 /* RealmServiceProvider.swift in Sources */,
				6FF7E0A32AA1D36700A34599 /* ServiceRegistration.swift in Sources */,
				6FF7E0B02AA20D6800A34599 /* WeatherServiceProvider.swift in Sources */,
				6FF7E0882AA0D86C00A34599 /* ShareView.swift in Sources */,
				6FF7E0C12AA4EE3500A34599 /* WeatherTabView.swift in Sources */,
				6FF7E0A42AA1D36700A34599 /* DependencyContainer.swift in Sources */,
				6FF7E0C32AA4EE4400A34599 /* WeatherTabViewModel.swift in Sources */,
				6FF7E08D2AA0FAF300A34599 /* MapView.swift in Sources */,
				6FF7E07C2AA0C7F600A34599 /* ScreenSize.swift in Sources */,
				6FF7E0842AA0D56000A34599 /* SettingsViewModel.swift in Sources */,
				6FF7E0B52AA3770900A34599 /* MapServiceProvider.swift in Sources */,
				6FF7E08F2AA0FB1300A34599 /* MapViewModel.swift in Sources */,
				6FF7E0BE2AA4946700A34599 /* CitySearchProvider.swift in Sources */,
				6FF7E0CC2AA50D1A00A34599 /* ListSearchBar.swift in Sources */,
				6FF7E0C52AA509FE00A34599 /* MapSearchBar.swift in Sources */,
				6FF7E0812AA0D51600A34599 /* SettingsView.swift in Sources */,
				6FF7E0A12AA1D36700A34599 /* DependencyWrappers.swift in Sources */,
				6FF7E0B92AA3BD7000A34599 /* CustomAnnotationModel.swift in Sources */,
				6FF7E0942AA1BDE100A34599 /* ListWeatherViewModel.swift in Sources */,
				6FF7E0D02AA5EB3600A34599 /* ListCityCell.swift in Sources */,
				6FF7E0652AA0A84300A34599 /* WeatherEOTab.swift in Sources */,
				6FF7E0B72AA38B5300A34599 /* TemperatureScaleModel.swift in Sources */,
				6FF7E0CE2AA5EAB500A34599 /* DeleteListComponent.swift in Sources */,
				6FF7E0782AA0BE5000A34599 /* WeatherBar.swift in Sources */,
				6FF7E0BC2AA4943D00A34599 /* CitySearchModel.swift in Sources */,
				6FF7E0A52AA1D36700A34599 /* ServiceProviderRegistrar.swift in Sources */,
				6FF7E0762AA0B71C00A34599 /* WeatherEOTabViewModel.swift in Sources */,
				6FF7E0922AA1BDD500A34599 /* ListWeatherView.swift in Sources */,
				6FF7E0742AA0B41100A34599 /* WeatherEOTabModel.swift in Sources */,
				6FF7E0CA2AA50C9400A34599 /* Extensions.swift in Sources */,
				6FF7E0B22AA232A600A34599 /* WeatherModel.swift in Sources */,
				6FF7E0A82AA1D40E00A34599 /* RealmService.swift in Sources */,
				6FF7E0862AA0D59E00A34599 /* SettingsTabModel.swift in Sources */,
				6FF7E0632AA0A84300A34599 /* WeatherEOApp.swift in Sources */,
				6FF7E0A22AA1D36700A34599 /* DIUtility.swift in Sources */,
				6FF7E08A2AA0E0FE00A34599 /* PreView.swift in Sources */,
			);
			runOnlyForDeploymentPostprocessing = 0;
		};
/* End PBXSourcesBuildPhase section */

/* Begin XCBuildConfiguration section */
		6FF7E06B2AA0A84500A34599 /* Debug */ = {
			isa = XCBuildConfiguration;
			buildSettings = {
				ALWAYS_SEARCH_USER_PATHS = NO;
				CLANG_ANALYZER_NONNULL = YES;
				CLANG_ANALYZER_NUMBER_OBJECT_CONVERSION = YES_AGGRESSIVE;
				CLANG_CXX_LANGUAGE_STANDARD = "gnu++20";
				CLANG_ENABLE_MODULES = YES;
				CLANG_ENABLE_OBJC_ARC = YES;
				CLANG_ENABLE_OBJC_WEAK = YES;
				CLANG_WARN_BLOCK_CAPTURE_AUTORELEASING = YES;
				CLANG_WARN_BOOL_CONVERSION = YES;
				CLANG_WARN_COMMA = YES;
				CLANG_WARN_CONSTANT_CONVERSION = YES;
				CLANG_WARN_DEPRECATED_OBJC_IMPLEMENTATIONS = YES;
				CLANG_WARN_DIRECT_OBJC_ISA_USAGE = YES_ERROR;
				CLANG_WARN_DOCUMENTATION_COMMENTS = YES;
				CLANG_WARN_EMPTY_BODY = YES;
				CLANG_WARN_ENUM_CONVERSION = YES;
				CLANG_WARN_INFINITE_RECURSION = YES;
				CLANG_WARN_INT_CONVERSION = YES;
				CLANG_WARN_NON_LITERAL_NULL_CONVERSION = YES;
				CLANG_WARN_OBJC_IMPLICIT_RETAIN_SELF = YES;
				CLANG_WARN_OBJC_LITERAL_CONVERSION = YES;
				CLANG_WARN_OBJC_ROOT_CLASS = YES_ERROR;
				CLANG_WARN_QUOTED_INCLUDE_IN_FRAMEWORK_HEADER = YES;
				CLANG_WARN_RANGE_LOOP_ANALYSIS = YES;
				CLANG_WARN_STRICT_PROTOTYPES = YES;
				CLANG_WARN_SUSPICIOUS_MOVE = YES;
				CLANG_WARN_UNGUARDED_AVAILABILITY = YES_AGGRESSIVE;
				CLANG_WARN_UNREACHABLE_CODE = YES;
				CLANG_WARN__DUPLICATE_METHOD_MATCH = YES;
				COPY_PHASE_STRIP = NO;
				DEBUG_INFORMATION_FORMAT = dwarf;
				ENABLE_STRICT_OBJC_MSGSEND = YES;
				ENABLE_TESTABILITY = YES;
				GCC_C_LANGUAGE_STANDARD = gnu11;
				GCC_DYNAMIC_NO_PIC = NO;
				GCC_NO_COMMON_BLOCKS = YES;
				GCC_OPTIMIZATION_LEVEL = 0;
				GCC_PREPROCESSOR_DEFINITIONS = (
					"DEBUG=1",
					"$(inherited)",
				);
				GCC_WARN_64_TO_32_BIT_CONVERSION = YES;
				GCC_WARN_ABOUT_RETURN_TYPE = YES_ERROR;
				GCC_WARN_UNDECLARED_SELECTOR = YES;
				GCC_WARN_UNINITIALIZED_AUTOS = YES_AGGRESSIVE;
				GCC_WARN_UNUSED_FUNCTION = YES;
				GCC_WARN_UNUSED_VARIABLE = YES;
				IPHONEOS_DEPLOYMENT_TARGET = 16.0;
				MTL_ENABLE_DEBUG_INFO = INCLUDE_SOURCE;
				MTL_FAST_MATH = YES;
				ONLY_ACTIVE_ARCH = YES;
				SDKROOT = iphoneos;
				SWIFT_ACTIVE_COMPILATION_CONDITIONS = DEBUG;
				SWIFT_OPTIMIZATION_LEVEL = "-Onone";
			};
			name = Debug;
		};
		6FF7E06C2AA0A84500A34599 /* Release */ = {
			isa = XCBuildConfiguration;
			buildSettings = {
				ALWAYS_SEARCH_USER_PATHS = NO;
				CLANG_ANALYZER_NONNULL = YES;
				CLANG_ANALYZER_NUMBER_OBJECT_CONVERSION = YES_AGGRESSIVE;
				CLANG_CXX_LANGUAGE_STANDARD = "gnu++20";
				CLANG_ENABLE_MODULES = YES;
				CLANG_ENABLE_OBJC_ARC = YES;
				CLANG_ENABLE_OBJC_WEAK = YES;
				CLANG_WARN_BLOCK_CAPTURE_AUTORELEASING = YES;
				CLANG_WARN_BOOL_CONVERSION = YES;
				CLANG_WARN_COMMA = YES;
				CLANG_WARN_CONSTANT_CONVERSION = YES;
				CLANG_WARN_DEPRECATED_OBJC_IMPLEMENTATIONS = YES;
				CLANG_WARN_DIRECT_OBJC_ISA_USAGE = YES_ERROR;
				CLANG_WARN_DOCUMENTATION_COMMENTS = YES;
				CLANG_WARN_EMPTY_BODY = YES;
				CLANG_WARN_ENUM_CONVERSION = YES;
				CLANG_WARN_INFINITE_RECURSION = YES;
				CLANG_WARN_INT_CONVERSION = YES;
				CLANG_WARN_NON_LITERAL_NULL_CONVERSION = YES;
				CLANG_WARN_OBJC_IMPLICIT_RETAIN_SELF = YES;
				CLANG_WARN_OBJC_LITERAL_CONVERSION = YES;
				CLANG_WARN_OBJC_ROOT_CLASS = YES_ERROR;
				CLANG_WARN_QUOTED_INCLUDE_IN_FRAMEWORK_HEADER = YES;
				CLANG_WARN_RANGE_LOOP_ANALYSIS = YES;
				CLANG_WARN_STRICT_PROTOTYPES = YES;
				CLANG_WARN_SUSPICIOUS_MOVE = YES;
				CLANG_WARN_UNGUARDED_AVAILABILITY = YES_AGGRESSIVE;
				CLANG_WARN_UNREACHABLE_CODE = YES;
				CLANG_WARN__DUPLICATE_METHOD_MATCH = YES;
				COPY_PHASE_STRIP = NO;
				DEBUG_INFORMATION_FORMAT = "dwarf-with-dsym";
				ENABLE_NS_ASSERTIONS = NO;
				ENABLE_STRICT_OBJC_MSGSEND = YES;
				GCC_C_LANGUAGE_STANDARD = gnu11;
				GCC_NO_COMMON_BLOCKS = YES;
				GCC_WARN_64_TO_32_BIT_CONVERSION = YES;
				GCC_WARN_ABOUT_RETURN_TYPE = YES_ERROR;
				GCC_WARN_UNDECLARED_SELECTOR = YES;
				GCC_WARN_UNINITIALIZED_AUTOS = YES_AGGRESSIVE;
				GCC_WARN_UNUSED_FUNCTION = YES;
				GCC_WARN_UNUSED_VARIABLE = YES;
				IPHONEOS_DEPLOYMENT_TARGET = 16.0;
				MTL_ENABLE_DEBUG_INFO = NO;
				MTL_FAST_MATH = YES;
				SDKROOT = iphoneos;
				SWIFT_COMPILATION_MODE = wholemodule;
				SWIFT_OPTIMIZATION_LEVEL = "-O";
				VALIDATE_PRODUCT = YES;
			};
			name = Release;
		};
		6FF7E06E2AA0A84500A34599 /* Debug */ = {
			isa = XCBuildConfiguration;
			buildSettings = {
				ASSETCATALOG_COMPILER_APPICON_NAME = AppIcon;
				ASSETCATALOG_COMPILER_GLOBAL_ACCENT_COLOR_NAME = AccentColor;
				CODE_SIGN_STYLE = Automatic;
				CURRENT_PROJECT_VERSION = 1;
				DEVELOPMENT_ASSET_PATHS = "\"WeatherEO/Preview Content\"";
				DEVELOPMENT_TEAM = WWP74VSGDT;
				ENABLE_PREVIEWS = YES;
				GENERATE_INFOPLIST_FILE = YES;
				INFOPLIST_KEY_NSLocationWhenInUseUsageDescription = "Sweety Weather need your location.";
				INFOPLIST_KEY_UIApplicationSceneManifest_Generation = YES;
				INFOPLIST_KEY_UIApplicationSupportsIndirectInputEvents = YES;
				INFOPLIST_KEY_UILaunchScreen_Generation = YES;
				INFOPLIST_KEY_UISupportedInterfaceOrientations_iPad = "UIInterfaceOrientationPortrait UIInterfaceOrientationPortraitUpsideDown UIInterfaceOrientationLandscapeLeft UIInterfaceOrientationLandscapeRight";
				INFOPLIST_KEY_UISupportedInterfaceOrientations_iPhone = "UIInterfaceOrientationPortrait UIInterfaceOrientationLandscapeLeft UIInterfaceOrientationLandscapeRight";
				INFOPLIST_KEY_UIUserInterfaceStyle = Light;
				LD_RUNPATH_SEARCH_PATHS = (
					"$(inherited)",
					"@executable_path/Frameworks",
				);
				MARKETING_VERSION = 1.0;
				PRODUCT_BUNDLE_IDENTIFIER = new.WeatherEO;
				PRODUCT_NAME = "$(TARGET_NAME)";
				SWIFT_EMIT_LOC_STRINGS = YES;
				SWIFT_VERSION = 5.0;
				TARGETED_DEVICE_FAMILY = "1,2";
			};
			name = Debug;
		};
		6FF7E06F2AA0A84500A34599 /* Release */ = {
			isa = XCBuildConfiguration;
			buildSettings = {
				ASSETCATALOG_COMPILER_APPICON_NAME = AppIcon;
				ASSETCATALOG_COMPILER_GLOBAL_ACCENT_COLOR_NAME = AccentColor;
				CODE_SIGN_STYLE = Automatic;
				CURRENT_PROJECT_VERSION = 1;
				DEVELOPMENT_ASSET_PATHS = "\"WeatherEO/Preview Content\"";
				DEVELOPMENT_TEAM = WWP74VSGDT;
				ENABLE_PREVIEWS = YES;
				GENERATE_INFOPLIST_FILE = YES;
				INFOPLIST_KEY_NSLocationWhenInUseUsageDescription = "Sweety Weather need your location.";
				INFOPLIST_KEY_UIApplicationSceneManifest_Generation = YES;
				INFOPLIST_KEY_UIApplicationSupportsIndirectInputEvents = YES;
				INFOPLIST_KEY_UILaunchScreen_Generation = YES;
				INFOPLIST_KEY_UISupportedInterfaceOrientations_iPad = "UIInterfaceOrientationPortrait UIInterfaceOrientationPortraitUpsideDown UIInterfaceOrientationLandscapeLeft UIInterfaceOrientationLandscapeRight";
				INFOPLIST_KEY_UISupportedInterfaceOrientations_iPhone = "UIInterfaceOrientationPortrait UIInterfaceOrientationLandscapeLeft UIInterfaceOrientationLandscapeRight";
				INFOPLIST_KEY_UIUserInterfaceStyle = Light;
				LD_RUNPATH_SEARCH_PATHS = (
					"$(inherited)",
					"@executable_path/Frameworks",
				);
				MARKETING_VERSION = 1.0;
				PRODUCT_BUNDLE_IDENTIFIER = new.WeatherEO;
				PRODUCT_NAME = "$(TARGET_NAME)";
				SWIFT_EMIT_LOC_STRINGS = YES;
				SWIFT_VERSION = 5.0;
				TARGETED_DEVICE_FAMILY = "1,2";
			};
			name = Release;
		};
/* End XCBuildConfiguration section */

/* Begin XCConfigurationList section */
		6FF7E05A2AA0A84300A34599 /* Build configuration list for PBXProject "WeatherEO" */ = {
			isa = XCConfigurationList;
			buildConfigurations = (
				6FF7E06B2AA0A84500A34599 /* Debug */,
				6FF7E06C2AA0A84500A34599 /* Release */,
			);
			defaultConfigurationIsVisible = 0;
			defaultConfigurationName = Release;
		};
		6FF7E06D2AA0A84500A34599 /* Build configuration list for PBXNativeTarget "Sweety Weather" */ = {
			isa = XCConfigurationList;
			buildConfigurations = (
				6FF7E06E2AA0A84500A34599 /* Debug */,
				6FF7E06F2AA0A84500A34599 /* Release */,
			);
			defaultConfigurationIsVisible = 0;
			defaultConfigurationName = Release;
		};
/* End XCConfigurationList section */

/* Begin XCRemoteSwiftPackageReference section */
		6FF7E0952AA1D17600A34599 /* XCRemoteSwiftPackageReference "realm-cocoa" */ = {
			isa = XCRemoteSwiftPackageReference;
			repositoryURL = "https://github.com/realm/realm-cocoa";
			requirement = {
				branch = master;
				kind = branch;
			};
		};
/* End XCRemoteSwiftPackageReference section */

/* Begin XCSwiftPackageProductDependency section */
		6FF7E0962AA1D17600A34599 /* Realm */ = {
			isa = XCSwiftPackageProductDependency;
			package = 6FF7E0952AA1D17600A34599 /* XCRemoteSwiftPackageReference "realm-cocoa" */;
			productName = Realm;
		};
		6FF7E0982AA1D17600A34599 /* RealmSwift */ = {
			isa = XCSwiftPackageProductDependency;
			package = 6FF7E0952AA1D17600A34599 /* XCRemoteSwiftPackageReference "realm-cocoa" */;
			productName = RealmSwift;
		};
/* End XCSwiftPackageProductDependency section */
	};
	rootObject = 6FF7E0572AA0A84300A34599 /* Project object */;
}
